# THIS IS AN AUTOGENERATED FILE. DO NOT EDIT THIS FILE DIRECTLY.
# yarn lockfile v1


"@types/jmespath@^0.15.2":
  version "0.15.2"
  resolved "https://registry.yarnpkg.com/@types/jmespath/-/jmespath-0.15.2.tgz#00d2b23253079a7f40511d4257a44411cd89b4de"
  integrity sha512-pegh49FtNsC389Flyo9y8AfkVIZn9MMPE9yJrO9svhq6Fks2MwymULWjZqySuxmctd3ZH4/n7Mr98D+1Qo5vGA==

"@types/node@^20.0.0":
  version "20.19.24"
  resolved "https://registry.yarnpkg.com/@types/node/-/node-20.19.24.tgz#6bc35bc96cda1a251000b706c76380b5c843f30b"
  integrity sha512-FE5u0ezmi6y9OZEzlJfg37mqqf6ZDSF2V/NLjUyGrR9uTZ7Sb9F7bLNZ03S4XVUNRWGA7Ck4c1kK+YnuWjl+DA==
  dependencies:
    undici-types "~6.21.0"

jmespath@^0.16.0:
  version "0.16.0"
  resolved "https://registry.yarnpkg.com/jmespath/-/jmespath-0.16.0.tgz#b15b0a85dfd4d930d43e69ed605943c802785076"
  integrity sha512-9FzQjJ7MATs1tSpnco1K6ayiYE3figslrXA72G2HQ/n76RzvYlofyi5QM+iX4YRs/pu3yzxlVQSST23+dMDknw==

typescript@^5.0.0:
  version "5.9.3"
  resolved "https://registry.yarnpkg.com/typescript/-/typescript-5.9.3.tgz#5b4f59e15310ab17a216f5d6cf53ee476ede670f"
  integrity sha512-jl1vZzPDinLr9eUt3J/t7V6FgNEw9QjvBPdysz9KfQDD41fQrC2Y4vKQdiaUpFT4bXlb1RHhLpp8wtm6M5TgSw==

undici-types@~6.21.0:
  version "6.21.0"
  resolved "https://registry.yarnpkg.com/undici-types/-/undici-types-6.21.0.tgz#691d00af3909be93a7faa13be61b3a5b50ef12cb"
  integrity sha512-iwDZqg0QAGrg9Rav5H4n0M64c3mkR59cJ6wQp+7C4nI0gsmExaedaYLNO44eT4AtBBwjbTiGPMlt2Md0T9H9JQ==
